# This file was autogenerated by Stack.
# You should not edit this file by hand.
# For more information, please see the documentation at:
#   https://docs.haskellstack.org/en/stable/lock_files

packages:
- completed:
    hackage: HandsomeSoup-0.4.2@sha256:dcee6dce4637129d0b6cf4533dec22fb2f04115ecf70e7f43549be7941399b85,2172
    pantry-tree:
      size: 578
      sha256: 124fe4775deb794802f123f2340d604d71c510e19093165a4d88e798ec8c206a
  original:
    hackage: HandsomeSoup-0.4.2
snapshots:
- completed:
    size: 524786
    url: https://raw.githubusercontent.com/commercialhaskell/stackage-snapshots/master/lts/14/11.yaml
    sha256: 088bb91b545839510a41ae92fa5feb36779ef3529571a42bd12b9f51eb89ded3
  original: lts-14.11
